
Microsoft Visual Studio Solution File, Format Version 12.00
# Visual Studio Version 16
VisualStudioVersion = 16.0.31129.286
MinimumVisualStudioVersion = 10.0.40219.1
Project("{FAE04EC0-301F-11D3-BF4B-00C04F79EFBC}") = "task_1", "task_1.csproj", "{832983F1-AA96-4642-9177-FFAEA9392216}"
EndProject
Global
	GlobalSection(SolutionConfigurationPlatforms) = preSolution
		Debug|Any CPU = Debug|Any CPU
		Release|Any CPU = Release|Any CPU
	EndGlobalSection
	GlobalSection(ProjectConfigurationPlatforms) = postSolution
		{832983F1-AA96-4642-9177-FFAEA9392216}.Debug|Any CPU.ActiveCfg = Debug|Any CPU
		{832983F1-AA96-4642-9177-FFAEA9392216}.Debug|Any CPU.Build.0 = Debug|Any CPU
		{832983F1-AA96-4642-9177-FFAEA9392216}.Release|Any CPU.ActiveCfg = Release|Any CPU
		{832983F1-AA96-4642-9177-FFAEA9392216}.Release|Any CPU.Build.0 = Release|Any CPU
	EndGlobalSection
	GlobalSection(SolutionProperties) = preSolution
		HideSolutionNode = FALSE
	EndGlobalSection
	GlobalSection(ExtensibilityGlobals) = postSolution
		SolutionGuid = {5B3543A1-B2EE-413F-A024-0BBF481809E0}
	EndGlobalSection
EndGlobal
