
Microsoft Visual Studio Solution File, Format Version 12.00
# Visual Studio Version 16
VisualStudioVersion = 16.0.31129.286
MinimumVisualStudioVersion = 10.0.40219.1
Project("{FAE04EC0-301F-11D3-BF4B-00C04F79EFBC}") = "task_1", "task_1.csproj", "{701FFBCA-D6EF-4580-852A-0B8EB7118132}"
EndProject
Global
	GlobalSection(SolutionConfigurationPlatforms) = preSolution
		Debug|Any CPU = Debug|Any CPU
		Release|Any CPU = Release|Any CPU
	EndGlobalSection
	GlobalSection(ProjectConfigurationPlatforms) = postSolution
		{701FFBCA-D6EF-4580-852A-0B8EB7118132}.Debug|Any CPU.ActiveCfg = Debug|Any CPU
		{701FFBCA-D6EF-4580-852A-0B8EB7118132}.Debug|Any CPU.Build.0 = Debug|Any CPU
		{701FFBCA-D6EF-4580-852A-0B8EB7118132}.Release|Any CPU.ActiveCfg = Release|Any CPU
		{701FFBCA-D6EF-4580-852A-0B8EB7118132}.Release|Any CPU.Build.0 = Release|Any CPU
	EndGlobalSection
	GlobalSection(SolutionProperties) = preSolution
		HideSolutionNode = FALSE
	EndGlobalSection
	GlobalSection(ExtensibilityGlobals) = postSolution
		SolutionGuid = {642302C9-9F12-4CF2-852B-CEBAC1758B94}
	EndGlobalSection
EndGlobal
