
Microsoft Visual Studio Solution File, Format Version 12.00
# Visual Studio Version 16
VisualStudioVersion = 16.0.31129.286
MinimumVisualStudioVersion = 10.0.40219.1
Project("{FAE04EC0-301F-11D3-BF4B-00C04F79EFBC}") = "task_3", "task_3.csproj", "{97D2622F-46DE-4DEA-9CBE-1268CFABD894}"
EndProject
Global
	GlobalSection(SolutionConfigurationPlatforms) = preSolution
		Debug|Any CPU = Debug|Any CPU
		Release|Any CPU = Release|Any CPU
	EndGlobalSection
	GlobalSection(ProjectConfigurationPlatforms) = postSolution
		{97D2622F-46DE-4DEA-9CBE-1268CFABD894}.Debug|Any CPU.ActiveCfg = Debug|Any CPU
		{97D2622F-46DE-4DEA-9CBE-1268CFABD894}.Debug|Any CPU.Build.0 = Debug|Any CPU
		{97D2622F-46DE-4DEA-9CBE-1268CFABD894}.Release|Any CPU.ActiveCfg = Release|Any CPU
		{97D2622F-46DE-4DEA-9CBE-1268CFABD894}.Release|Any CPU.Build.0 = Release|Any CPU
	EndGlobalSection
	GlobalSection(SolutionProperties) = preSolution
		HideSolutionNode = FALSE
	EndGlobalSection
	GlobalSection(ExtensibilityGlobals) = postSolution
		SolutionGuid = {56B6387D-E2E4-4E94-AB0B-D9A066F1CE59}
	EndGlobalSection
EndGlobal
