
Microsoft Visual Studio Solution File, Format Version 12.00
# Visual Studio Version 16
VisualStudioVersion = 16.0.31129.286
MinimumVisualStudioVersion = 10.0.40219.1
Project("{FAE04EC0-301F-11D3-BF4B-00C04F79EFBC}") = "task_1", "task_1.csproj", "{0430825E-3858-4C2B-8F60-D6441A0129FB}"
EndProject
Global
	GlobalSection(SolutionConfigurationPlatforms) = preSolution
		Debug|Any CPU = Debug|Any CPU
		Release|Any CPU = Release|Any CPU
	EndGlobalSection
	GlobalSection(ProjectConfigurationPlatforms) = postSolution
		{0430825E-3858-4C2B-8F60-D6441A0129FB}.Debug|Any CPU.ActiveCfg = Debug|Any CPU
		{0430825E-3858-4C2B-8F60-D6441A0129FB}.Debug|Any CPU.Build.0 = Debug|Any CPU
		{0430825E-3858-4C2B-8F60-D6441A0129FB}.Release|Any CPU.ActiveCfg = Release|Any CPU
		{0430825E-3858-4C2B-8F60-D6441A0129FB}.Release|Any CPU.Build.0 = Release|Any CPU
	EndGlobalSection
	GlobalSection(SolutionProperties) = preSolution
		HideSolutionNode = FALSE
	EndGlobalSection
	GlobalSection(ExtensibilityGlobals) = postSolution
		SolutionGuid = {3DE930A2-F97A-43AB-A660-C0F4D60B2969}
	EndGlobalSection
EndGlobal
