
Microsoft Visual Studio Solution File, Format Version 12.00
# Visual Studio Version 16
VisualStudioVersion = 16.0.31129.286
MinimumVisualStudioVersion = 10.0.40219.1
Project("{FAE04EC0-301F-11D3-BF4B-00C04F79EFBC}") = "task_2", "task_2.csproj", "{39EDC079-F17E-4B0E-8D55-1998518E0EAC}"
EndProject
Global
	GlobalSection(SolutionConfigurationPlatforms) = preSolution
		Debug|Any CPU = Debug|Any CPU
		Release|Any CPU = Release|Any CPU
	EndGlobalSection
	GlobalSection(ProjectConfigurationPlatforms) = postSolution
		{39EDC079-F17E-4B0E-8D55-1998518E0EAC}.Debug|Any CPU.ActiveCfg = Debug|Any CPU
		{39EDC079-F17E-4B0E-8D55-1998518E0EAC}.Debug|Any CPU.Build.0 = Debug|Any CPU
		{39EDC079-F17E-4B0E-8D55-1998518E0EAC}.Release|Any CPU.ActiveCfg = Release|Any CPU
		{39EDC079-F17E-4B0E-8D55-1998518E0EAC}.Release|Any CPU.Build.0 = Release|Any CPU
	EndGlobalSection
	GlobalSection(SolutionProperties) = preSolution
		HideSolutionNode = FALSE
	EndGlobalSection
	GlobalSection(ExtensibilityGlobals) = postSolution
		SolutionGuid = {9FDB472E-B274-4AFD-BFF3-F9DACFA2D565}
	EndGlobalSection
EndGlobal
